{
  "name": "advent-of-code-2021",
  "version": "1.0.0",
  "lockfileVersion": 2,
  "requires": true,
  "packages": {
    "": {
      "name": "advent-of-code-2021",
      "version": "1.0.0",
      "license": "ISC",
      "dependencies": {
        "exponential-regression": "^1.0.2",
        "regression": "^2.0.1"
      }
    },
    "node_modules/exponential-regression": {
      "version": "1.0.2",
      "resolved": "https://registry.npmjs.org/exponential-regression/-/exponential-regression-1.0.2.tgz",
      "integrity": "sha512-ZKs11aiyxIwGmWrCSGR6fHIZqsIYTsaT8f8C+RXAfn22dtthcQlqMg1sk/xjdnNEXqUQza/nVJW23PfmzcDXpA=="
    },
    "node_modules/regression": {
      "version": "2.0.1",
      "resolved": "https://registry.npmjs.org/regression/-/regression-2.0.1.tgz",
      "integrity": "sha1-jSnD6CJKEIUMNeM36FqLL6w7DIc="
    }
  },
  "dependencies": {
    "exponential-regression": {
      "version": "1.0.2",
      "resolved": "https://registry.npmjs.org/exponential-regression/-/exponential-regression-1.0.2.tgz",
      "integrity": "sha512-ZKs11aiyxIwGmWrCSGR6fHIZqsIYTsaT8f8C+RXAfn22dtthcQlqMg1sk/xjdnNEXqUQza/nVJW23PfmzcDXpA=="
    },
    "regression": {
      "version": "2.0.1",
      "resolved": "https://registry.npmjs.org/regression/-/regression-2.0.1.tgz",
      "integrity": "sha1-jSnD6CJKEIUMNeM36FqLL6w7DIc="
    }
  }
}
